
Microsoft Visual Studio Solution File, Format Version 11.00
# Visual Studio 2010
Project("{FAE04EC0-301F-11D3-BF4B-00C04F79EFBC}") = "BuildManager", "BuildManager.csproj", "{e23eb17b-a5bc-dff6-5c82-33fbec662428}"
EndProject
Global
	GlobalSection(SolutionConfigurationPlatforms) = preSolution
		Debug|Any CPU = Debug|Any CPU
	EndGlobalSection
	GlobalSection(ProjectConfigurationPlatforms) = postSolution
		{e23eb17b-a5bc-dff6-5c82-33fbec662428}.Debug|Any CPU.ActiveCfg = Debug|Any CPU
		{e23eb17b-a5bc-dff6-5c82-33fbec662428}.Debug|Any CPU.Build.0 = Debug|Any CPU
	EndGlobalSection
	GlobalSection(SolutionProperties) = preSolution
		HideSolutionNode = FALSE
	EndGlobalSection
EndGlobal
